// !$*UTF8*$!
{
	archiveVersion = 1;
	classes = {
	};
	objectVersion = 56;
	objects = {

/* Begin PBXBuildFile section */
		99D798D029580BE500CD3D3E /* TwitterSwiftUIYoutubeAppApp.swift in Sources */ = {isa = PBXBuildFile; fileRef = 99D798CF29580BE500CD3D3E /* TwitterSwiftUIYoutubeAppApp.swift */; };
		99D798D429580BE600CD3D3E /* Assets.xcassets in Resources */ = {isa = PBXBuildFile; fileRef = 99D798D329580BE600CD3D3E /* Assets.xcassets */; };
		99D798D729580BE600CD3D3E /* Preview Assets.xcassets in Resources */ = {isa = PBXBuildFile; fileRef = 99D798D629580BE600CD3D3E /* Preview Assets.xcassets */; };
		99D798E82958220600CD3D3E /* FeedView.swift in Sources */ = {isa = PBXBuildFile; fileRef = 99D798E72958220600CD3D3E /* FeedView.swift */; };
		99D798EB295822D300CD3D3E /* TweetRowView.swift in Sources */ = {isa = PBXBuildFile; fileRef = 99D798EA295822D300CD3D3E /* TweetRowView.swift */; };
		99D798EE295828DB00CD3D3E /* MainTabView.swift in Sources */ = {isa = PBXBuildFile; fileRef = 99D798ED295828DB00CD3D3E /* MainTabView.swift */; };
		99D798F4295829CD00CD3D3E /* ExploreView.swift in Sources */ = {isa = PBXBuildFile; fileRef = 99D798F3295829CD00CD3D3E /* ExploreView.swift */; };
		99D798F6295829DE00CD3D3E /* NotificationsView.swift in Sources */ = {isa = PBXBuildFile; fileRef = 99D798F5295829DE00CD3D3E /* NotificationsView.swift */; };
		99D798F8295829EE00CD3D3E /* MessagesView.swift in Sources */ = {isa = PBXBuildFile; fileRef = 99D798F7295829EE00CD3D3E /* MessagesView.swift */; };
		99D798FC29582B8600CD3D3E /* ProfileView.swift in Sources */ = {isa = PBXBuildFile; fileRef = 99D798FB29582B8600CD3D3E /* ProfileView.swift */; };
		99D798FE295830F700CD3D3E /* TweetFilterViewModel.swift in Sources */ = {isa = PBXBuildFile; fileRef = 99D798FD295830F700CD3D3E /* TweetFilterViewModel.swift */; };
		99D7990329583DE400CD3D3E /* UserRowView.swift in Sources */ = {isa = PBXBuildFile; fileRef = 99D7990229583DE300CD3D3E /* UserRowView.swift */; };
		99D799082958443C00CD3D3E /* SideMenuView.swift in Sources */ = {isa = PBXBuildFile; fileRef = 99D799072958443C00CD3D3E /* SideMenuView.swift */; };
		99D7990A2958444800CD3D3E /* SideMenuRowView.swift in Sources */ = {isa = PBXBuildFile; fileRef = 99D799092958444800CD3D3E /* SideMenuRowView.swift */; };
		99D7990C2958445700CD3D3E /* SideMenuViewModel.swift in Sources */ = {isa = PBXBuildFile; fileRef = 99D7990B2958445700CD3D3E /* SideMenuViewModel.swift */; };
		99D7990E295845CB00CD3D3E /* UserStatsView.swift in Sources */ = {isa = PBXBuildFile; fileRef = 99D7990D295845CB00CD3D3E /* UserStatsView.swift */; };
		99D79910295848D200CD3D3E /* ContentView.swift in Sources */ = {isa = PBXBuildFile; fileRef = 99D7990F295848D200CD3D3E /* ContentView.swift */; };
		99D7991229584CC200CD3D3E /* SideMenuOptionRowView.swift in Sources */ = {isa = PBXBuildFile; fileRef = 99D7991129584CC200CD3D3E /* SideMenuOptionRowView.swift */; };
		99D799172959055000CD3D3E /* NewTweetView.swift in Sources */ = {isa = PBXBuildFile; fileRef = 99D799162959055000CD3D3E /* NewTweetView.swift */; };
		99D799192959062F00CD3D3E /* TextArea.swift in Sources */ = {isa = PBXBuildFile; fileRef = 99D799182959062F00CD3D3E /* TextArea.swift */; };
		99D7991E29590A7C00CD3D3E /* LoginView.swift in Sources */ = {isa = PBXBuildFile; fileRef = 99D7991D29590A7C00CD3D3E /* LoginView.swift */; };
		99D7992029590A8900CD3D3E /* RegistrationView.swift in Sources */ = {isa = PBXBuildFile; fileRef = 99D7991F29590A8900CD3D3E /* RegistrationView.swift */; };
		99D7992229590BCF00CD3D3E /* RoundedShape.swift in Sources */ = {isa = PBXBuildFile; fileRef = 99D7992129590BCF00CD3D3E /* RoundedShape.swift */; };
		99D799242959184000CD3D3E /* CustomInputField.swift in Sources */ = {isa = PBXBuildFile; fileRef = 99D799232959184000CD3D3E /* CustomInputField.swift */; };
		99D79927295919E500CD3D3E /* AuthenticationHeaderView.swift in Sources */ = {isa = PBXBuildFile; fileRef = 99D79926295919E500CD3D3E /* AuthenticationHeaderView.swift */; };
/* End PBXBuildFile section */

/* Begin PBXFileReference section */
		99D798CC29580BE500CD3D3E /* TwitterSwiftUIYoutubeApp.app */ = {isa = PBXFileReference; explicitFileType = wrapper.application; includeInIndex = 0; path = TwitterSwiftUIYoutubeApp.app; sourceTree = BUILT_PRODUCTS_DIR; };
		99D798CF29580BE500CD3D3E /* TwitterSwiftUIYoutubeAppApp.swift */ = {isa = PBXFileReference; lastKnownFileType = sourcecode.swift; path = TwitterSwiftUIYoutubeAppApp.swift; sourceTree = "<group>"; };
		99D798D329580BE600CD3D3E /* Assets.xcassets */ = {isa = PBXFileReference; lastKnownFileType = folder.assetcatalog; path = Assets.xcassets; sourceTree = "<group>"; };
		99D798D629580BE600CD3D3E /* Preview Assets.xcassets */ = {isa = PBXFileReference; lastKnownFileType = folder.assetcatalog; path = "Preview Assets.xcassets"; sourceTree = "<group>"; };
		99D798E72958220600CD3D3E /* FeedView.swift */ = {isa = PBXFileReference; lastKnownFileType = sourcecode.swift; path = FeedView.swift; sourceTree = "<group>"; };
		99D798EA295822D300CD3D3E /* TweetRowView.swift */ = {isa = PBXFileReference; lastKnownFileType = sourcecode.swift; path = TweetRowView.swift; sourceTree = "<group>"; };
		99D798ED295828DB00CD3D3E /* MainTabView.swift */ = {isa = PBXFileReference; lastKnownFileType = sourcecode.swift; path = MainTabView.swift; sourceTree = "<group>"; };
		99D798F3295829CD00CD3D3E /* ExploreView.swift */ = {isa = PBXFileReference; lastKnownFileType = sourcecode.swift; path = ExploreView.swift; sourceTree = "<group>"; };
		99D798F5295829DE00CD3D3E /* NotificationsView.swift */ = {isa = PBXFileReference; lastKnownFileType = sourcecode.swift; path = NotificationsView.swift; sourceTree = "<group>"; };
		99D798F7295829EE00CD3D3E /* MessagesView.swift */ = {isa = PBXFileReference; lastKnownFileType = sourcecode.swift; path = MessagesView.swift; sourceTree = "<group>"; };
		99D798FB29582B8600CD3D3E /* ProfileView.swift */ = {isa = PBXFileReference; lastKnownFileType = sourcecode.swift; path = ProfileView.swift; sourceTree = "<group>"; };
		99D798FD295830F700CD3D3E /* TweetFilterViewModel.swift */ = {isa = PBXFileReference; lastKnownFileType = sourcecode.swift; path = TweetFilterViewModel.swift; sourceTree = "<group>"; };
		99D7990229583DE300CD3D3E /* UserRowView.swift */ = {isa = PBXFileReference; lastKnownFileType = sourcecode.swift; path = UserRowView.swift; sourceTree = "<group>"; };
		99D799072958443C00CD3D3E /* SideMenuView.swift */ = {isa = PBXFileReference; lastKnownFileType = sourcecode.swift; path = SideMenuView.swift; sourceTree = "<group>"; };
		99D799092958444800CD3D3E /* SideMenuRowView.swift */ = {isa = PBXFileReference; lastKnownFileType = sourcecode.swift; path = SideMenuRowView.swift; sourceTree = "<group>"; };
		99D7990B2958445700CD3D3E /* SideMenuViewModel.swift */ = {isa = PBXFileReference; lastKnownFileType = sourcecode.swift; path = SideMenuViewModel.swift; sourceTree = "<group>"; };
		99D7990D295845CB00CD3D3E /* UserStatsView.swift */ = {isa = PBXFileReference; lastKnownFileType = sourcecode.swift; path = UserStatsView.swift; sourceTree = "<group>"; };
		99D7990F295848D200CD3D3E /* ContentView.swift */ = {isa = PBXFileReference; lastKnownFileType = sourcecode.swift; path = ContentView.swift; sourceTree = "<group>"; };
		99D7991129584CC200CD3D3E /* SideMenuOptionRowView.swift */ = {isa = PBXFileReference; lastKnownFileType = sourcecode.swift; path = SideMenuOptionRowView.swift; sourceTree = "<group>"; };
		99D799162959055000CD3D3E /* NewTweetView.swift */ = {isa = PBXFileReference; lastKnownFileType = sourcecode.swift; path = NewTweetView.swift; sourceTree = "<group>"; };
		99D799182959062F00CD3D3E /* TextArea.swift */ = {isa = PBXFileReference; lastKnownFileType = sourcecode.swift; path = TextArea.swift; sourceTree = "<group>"; };
		99D7991D29590A7C00CD3D3E /* LoginView.swift */ = {isa = PBXFileReference; lastKnownFileType = sourcecode.swift; path = LoginView.swift; sourceTree = "<group>"; };
		99D7991F29590A8900CD3D3E /* RegistrationView.swift */ = {isa = PBXFileReference; lastKnownFileType = sourcecode.swift; path = RegistrationView.swift; sourceTree = "<group>"; };
		99D7992129590BCF00CD3D3E /* RoundedShape.swift */ = {isa = PBXFileReference; lastKnownFileType = sourcecode.swift; path = RoundedShape.swift; sourceTree = "<group>"; };
		99D799232959184000CD3D3E /* CustomInputField.swift */ = {isa = PBXFileReference; lastKnownFileType = sourcecode.swift; path = CustomInputField.swift; sourceTree = "<group>"; };
		99D79926295919E500CD3D3E /* AuthenticationHeaderView.swift */ = {isa = PBXFileReference; lastKnownFileType = sourcecode.swift; path = AuthenticationHeaderView.swift; sourceTree = "<group>"; };
/* End PBXFileReference section */

/* Begin PBXFrameworksBuildPhase section */
		99D798C929580BE500CD3D3E /* Frameworks */ = {
			isa = PBXFrameworksBuildPhase;
			buildActionMask = 2147483647;
			files = (
			);
			runOnlyForDeploymentPostprocessing = 0;
		};
/* End PBXFrameworksBuildPhase section */

/* Begin PBXGroup section */
		99D798C329580BE500CD3D3E = {
			isa = PBXGroup;
			children = (
				99D798CE29580BE500CD3D3E /* TwitterSwiftUIYoutubeApp */,
				99D798CD29580BE500CD3D3E /* Products */,
			);
			sourceTree = "<group>";
		};
		99D798CD29580BE500CD3D3E /* Products */ = {
			isa = PBXGroup;
			children = (
				99D798CC29580BE500CD3D3E /* TwitterSwiftUIYoutubeApp.app */,
			);
			name = Products;
			sourceTree = "<group>";
		};
		99D798CE29580BE500CD3D3E /* TwitterSwiftUIYoutubeApp */ = {
			isa = PBXGroup;
			children = (
				99D798E12958218E00CD3D3E /* Extensions */,
				99D798E02958218900CD3D3E /* Model */,
				99D798DE2958217C00CD3D3E /* Service */,
				99D798DD2958216000CD3D3E /* Core */,
				99D798CF29580BE500CD3D3E /* TwitterSwiftUIYoutubeAppApp.swift */,
				99D7990F295848D200CD3D3E /* ContentView.swift */,
				99D798D329580BE600CD3D3E /* Assets.xcassets */,
				99D798D529580BE600CD3D3E /* Preview Content */,
			);
			path = TwitterSwiftUIYoutubeApp;
			sourceTree = "<group>";
		};
		99D798D529580BE600CD3D3E /* Preview Content */ = {
			isa = PBXGroup;
			children = (
				99D798D629580BE600CD3D3E /* Preview Assets.xcassets */,
			);
			path = "Preview Content";
			sourceTree = "<group>";
		};
		99D798DD2958216000CD3D3E /* Core */ = {
			isa = PBXGroup;
			children = (
				99D798E2295821AF00CD3D3E /* Components */,
				99D7991A29590A6100CD3D3E /* Authentication */,
				99D799132959053200CD3D3E /* UploadTweet */,
				99D799042958441C00CD3D3E /* SideMenu */,
				99D798F2295829B800CD3D3E /* Profile */,
				99D798F12958299900CD3D3E /* Explore */,
				99D798F02958299500CD3D3E /* Notifications */,
				99D798EF2958299200CD3D3E /* Messages */,
				99D798EC295828D100CD3D3E /* MainTab */,
				99D798E3295821B400CD3D3E /* Feed */,
			);
			path = Core;
			sourceTree = "<group>";
		};
		99D798DE2958217C00CD3D3E /* Service */ = {
			isa = PBXGroup;
			children = (
			);
			path = Service;
			sourceTree = "<group>";
		};
		99D798E02958218900CD3D3E /* Model */ = {
			isa = PBXGroup;
			children = (
			);
			path = Model;
			sourceTree = "<group>";
		};
		99D798E12958218E00CD3D3E /* Extensions */ = {
			isa = PBXGroup;
			children = (
			);
			path = Extensions;
			sourceTree = "<group>";
		};
		99D798E2295821AF00CD3D3E /* Components */ = {
			isa = PBXGroup;
			children = (
				99D79925295919D600CD3D3E /* Authentication */,
				99D7990129583DD600CD3D3E /* Users */,
				99D798E9295822B600CD3D3E /* Tweets */,
				99D799182959062F00CD3D3E /* TextArea.swift */,
				99D7992129590BCF00CD3D3E /* RoundedShape.swift */,
				99D799232959184000CD3D3E /* CustomInputField.swift */,
			);
			path = Components;
			sourceTree = "<group>";
		};
		99D798E3295821B400CD3D3E /* Feed */ = {
			isa = PBXGroup;
			children = (
				99D798E6295821ED00CD3D3E /* View */,
				99D798E4295821E100CD3D3E /* ViewModels */,
			);
			path = Feed;
			sourceTree = "<group>";
		};
		99D798E4295821E100CD3D3E /* ViewModels */ = {
			isa = PBXGroup;
			children = (
			);
			path = ViewModels;
			sourceTree = "<group>";
		};
		99D798E6295821ED00CD3D3E /* View */ = {
			isa = PBXGroup;
			children = (
				99D798E72958220600CD3D3E /* FeedView.swift */,
			);
			path = View;
			sourceTree = "<group>";
		};
		99D798E9295822B600CD3D3E /* Tweets */ = {
			isa = PBXGroup;
			children = (
				99D798EA295822D300CD3D3E /* TweetRowView.swift */,
			);
			path = Tweets;
			sourceTree = "<group>";
		};
		99D798EC295828D100CD3D3E /* MainTab */ = {
			isa = PBXGroup;
			children = (
				99D798ED295828DB00CD3D3E /* MainTabView.swift */,
			);
			path = MainTab;
			sourceTree = "<group>";
		};
		99D798EF2958299200CD3D3E /* Messages */ = {
			isa = PBXGroup;
			children = (
				99D798F7295829EE00CD3D3E /* MessagesView.swift */,
			);
			path = Messages;
			sourceTree = "<group>";
		};
		99D798F02958299500CD3D3E /* Notifications */ = {
			isa = PBXGroup;
			children = (
				99D798F5295829DE00CD3D3E /* NotificationsView.swift */,
			);
			path = Notifications;
			sourceTree = "<group>";
		};
		99D798F12958299900CD3D3E /* Explore */ = {
			isa = PBXGroup;
			children = (
				99D798FF29583DC000CD3D3E /* ViewModels */,
				99D7990029583DC600CD3D3E /* Views */,
				99D798F3295829CD00CD3D3E /* ExploreView.swift */,
			);
			path = Explore;
			sourceTree = "<group>";
		};
		99D798F2295829B800CD3D3E /* Profile */ = {
			isa = PBXGroup;
			children = (
				99D798F929582B6B00CD3D3E /* ViewModels */,
				99D798FA29582B7400CD3D3E /* Views */,
			);
			path = Profile;
			sourceTree = "<group>";
		};
		99D798F929582B6B00CD3D3E /* ViewModels */ = {
			isa = PBXGroup;
			children = (
				99D798FD295830F700CD3D3E /* TweetFilterViewModel.swift */,
			);
			path = ViewModels;
			sourceTree = "<group>";
		};
		99D798FA29582B7400CD3D3E /* Views */ = {
			isa = PBXGroup;
			children = (
				99D798FB29582B8600CD3D3E /* ProfileView.swift */,
			);
			path = Views;
			sourceTree = "<group>";
		};
		99D798FF29583DC000CD3D3E /* ViewModels */ = {
			isa = PBXGroup;
			children = (
			);
			path = ViewModels;
			sourceTree = "<group>";
		};
		99D7990029583DC600CD3D3E /* Views */ = {
			isa = PBXGroup;
			children = (
			);
			path = Views;
			sourceTree = "<group>";
		};
		99D7990129583DD600CD3D3E /* Users */ = {
			isa = PBXGroup;
			children = (
				99D7990229583DE300CD3D3E /* UserRowView.swift */,
				99D7990D295845CB00CD3D3E /* UserStatsView.swift */,
			);
			path = Users;
			sourceTree = "<group>";
		};
		99D799042958441C00CD3D3E /* SideMenu */ = {
			isa = PBXGroup;
			children = (
				99D799052958442900CD3D3E /* ViewModel */,
				99D799062958442F00CD3D3E /* Views */,
			);
			path = SideMenu;
			sourceTree = "<group>";
		};
		99D799052958442900CD3D3E /* ViewModel */ = {
			isa = PBXGroup;
			children = (
				99D7990B2958445700CD3D3E /* SideMenuViewModel.swift */,
			);
			path = ViewModel;
			sourceTree = "<group>";
		};
		99D799062958442F00CD3D3E /* Views */ = {
			isa = PBXGroup;
			children = (
				99D799072958443C00CD3D3E /* SideMenuView.swift */,
				99D799092958444800CD3D3E /* SideMenuRowView.swift */,
				99D7991129584CC200CD3D3E /* SideMenuOptionRowView.swift */,
			);
			path = Views;
			sourceTree = "<group>";
		};
		99D799132959053200CD3D3E /* UploadTweet */ = {
			isa = PBXGroup;
			children = (
				99D799142959053E00CD3D3E /* ViewModels */,
				99D799152959054300CD3D3E /* Views */,
			);
			path = UploadTweet;
			sourceTree = "<group>";
		};
		99D799142959053E00CD3D3E /* ViewModels */ = {
			isa = PBXGroup;
			children = (
			);
			path = ViewModels;
			sourceTree = "<group>";
		};
		99D799152959054300CD3D3E /* Views */ = {
			isa = PBXGroup;
			children = (
				99D799162959055000CD3D3E /* NewTweetView.swift */,
			);
			path = Views;
			sourceTree = "<group>";
		};
		99D7991A29590A6100CD3D3E /* Authentication */ = {
			isa = PBXGroup;
			children = (
				99D7991C29590A6F00CD3D3E /* ViewModel */,
				99D7991B29590A6900CD3D3E /* Views */,
			);
			path = Authentication;
			sourceTree = "<group>";
		};
		99D7991B29590A6900CD3D3E /* Views */ = {
			isa = PBXGroup;
			children = (
				99D7991D29590A7C00CD3D3E /* LoginView.swift */,
				99D7991F29590A8900CD3D3E /* RegistrationView.swift */,
			);
			path = Views;
			sourceTree = "<group>";
		};
		99D7991C29590A6F00CD3D3E /* ViewModel */ = {
			isa = PBXGroup;
			children = (
			);
			path = ViewModel;
			sourceTree = "<group>";
		};
		99D79925295919D600CD3D3E /* Authentication */ = {
			isa = PBXGroup;
			children = (
				99D79926295919E500CD3D3E /* AuthenticationHeaderView.swift */,
			);
			path = Authentication;
			sourceTree = "<group>";
		};
/* End PBXGroup section */

/* Begin PBXNativeTarget section */
		99D798CB29580BE500CD3D3E /* TwitterSwiftUIYoutubeApp */ = {
			isa = PBXNativeTarget;
			buildConfigurationList = 99D798DA29580BE600CD3D3E /* Build configuration list for PBXNativeTarget "TwitterSwiftUIYoutubeApp" */;
			buildPhases = (
				99D798C829580BE500CD3D3E /* Sources */,
				99D798C929580BE500CD3D3E /* Frameworks */,
				99D798CA29580BE500CD3D3E /* Resources */,
			);
			buildRules = (
			);
			dependencies = (
			);
			name = TwitterSwiftUIYoutubeApp;
			productName = TwitterSwiftUIYoutubeApp;
			productReference = 99D798CC29580BE500CD3D3E /* TwitterSwiftUIYoutubeApp.app */;
			productType = "com.apple.product-type.application";
		};
/* End PBXNativeTarget section */

/* Begin PBXProject section */
		99D798C429580BE500CD3D3E /* Project object */ = {
			isa = PBXProject;
			attributes = {
				BuildIndependentTargetsInParallel = 1;
				LastSwiftUpdateCheck = 1420;
				LastUpgradeCheck = 1420;
				TargetAttributes = {
					99D798CB29580BE500CD3D3E = {
						CreatedOnToolsVersion = 14.2;
					};
				};
			};
			buildConfigurationList = 99D798C729580BE500CD3D3E /* Build configuration list for PBXProject "TwitterSwiftUIYoutubeApp" */;
			compatibilityVersion = "Xcode 14.0";
			developmentRegion = en;
			hasScannedForEncodings = 0;
			knownRegions = (
				en,
				Base,
			);
			mainGroup = 99D798C329580BE500CD3D3E;
			productRefGroup = 99D798CD29580BE500CD3D3E /* Products */;
			projectDirPath = "";
			projectRoot = "";
			targets = (
				99D798CB29580BE500CD3D3E /* TwitterSwiftUIYoutubeApp */,
			);
		};
/* End PBXProject section */

/* Begin PBXResourcesBuildPhase section */
		99D798CA29580BE500CD3D3E /* Resources */ = {
			isa = PBXResourcesBuildPhase;
			buildActionMask = 2147483647;
			files = (
				99D798D729580BE600CD3D3E /* Preview Assets.xcassets in Resources */,
				99D798D429580BE600CD3D3E /* Assets.xcassets in Resources */,
			);
			runOnlyForDeploymentPostprocessing = 0;
		};
/* End PBXResourcesBuildPhase section */

/* Begin PBXSourcesBuildPhase section */
		99D798C829580BE500CD3D3E /* Sources */ = {
			isa = PBXSourcesBuildPhase;
			buildActionMask = 2147483647;
			files = (
				99D798F8295829EE00CD3D3E /* MessagesView.swift in Sources */,
				99D798FC29582B8600CD3D3E /* ProfileView.swift in Sources */,
				99D7990A2958444800CD3D3E /* SideMenuRowView.swift in Sources */,
				99D798EB295822D300CD3D3E /* TweetRowView.swift in Sources */,
				99D79927295919E500CD3D3E /* AuthenticationHeaderView.swift in Sources */,
				99D798FE295830F700CD3D3E /* TweetFilterViewModel.swift in Sources */,
				99D798E82958220600CD3D3E /* FeedView.swift in Sources */,
				99D799242959184000CD3D3E /* CustomInputField.swift in Sources */,
				99D799082958443C00CD3D3E /* SideMenuView.swift in Sources */,
				99D799192959062F00CD3D3E /* TextArea.swift in Sources */,
				99D798D029580BE500CD3D3E /* TwitterSwiftUIYoutubeAppApp.swift in Sources */,
				99D798F4295829CD00CD3D3E /* ExploreView.swift in Sources */,
				99D799172959055000CD3D3E /* NewTweetView.swift in Sources */,
				99D7990C2958445700CD3D3E /* SideMenuViewModel.swift in Sources */,
				99D7990329583DE400CD3D3E /* UserRowView.swift in Sources */,
				99D79910295848D200CD3D3E /* ContentView.swift in Sources */,
				99D7992229590BCF00CD3D3E /* RoundedShape.swift in Sources */,
				99D7991229584CC200CD3D3E /* SideMenuOptionRowView.swift in Sources */,
				99D798EE295828DB00CD3D3E /* MainTabView.swift in Sources */,
				99D7991E29590A7C00CD3D3E /* LoginView.swift in Sources */,
				99D798F6295829DE00CD3D3E /* NotificationsView.swift in Sources */,
				99D7990E295845CB00CD3D3E /* UserStatsView.swift in Sources */,
				99D7992029590A8900CD3D3E /* RegistrationView.swift in Sources */,
			);
			runOnlyForDeploymentPostprocessing = 0;
		};
/* End PBXSourcesBuildPhase section */

/* Begin XCBuildConfiguration section */
		99D798D829580BE600CD3D3E /* Debug */ = {
			isa = XCBuildConfiguration;
			buildSettings = {
				ALWAYS_SEARCH_USER_PATHS = NO;
				CLANG_ANALYZER_NONNULL = YES;
				CLANG_ANALYZER_NUMBER_OBJECT_CONVERSION = YES_AGGRESSIVE;
				CLANG_CXX_LANGUAGE_STANDARD = "gnu++20";
				CLANG_ENABLE_MODULES = YES;
				CLANG_ENABLE_OBJC_ARC = YES;
				CLANG_ENABLE_OBJC_WEAK = YES;
				CLANG_WARN_BLOCK_CAPTURE_AUTORELEASING = YES;
				CLANG_WARN_BOOL_CONVERSION = YES;
				CLANG_WARN_COMMA = YES;
				CLANG_WARN_CONSTANT_CONVERSION = YES;
				CLANG_WARN_DEPRECATED_OBJC_IMPLEMENTATIONS = YES;
				CLANG_WARN_DIRECT_OBJC_ISA_USAGE = YES_ERROR;
				CLANG_WARN_DOCUMENTATION_COMMENTS = YES;
				CLANG_WARN_EMPTY_BODY = YES;
				CLANG_WARN_ENUM_CONVERSION = YES;
				CLANG_WARN_INFINITE_RECURSION = YES;
				CLANG_WARN_INT_CONVERSION = YES;
				CLANG_WARN_NON_LITERAL_NULL_CONVERSION = YES;
				CLANG_WARN_OBJC_IMPLICIT_RETAIN_SELF = YES;
				CLANG_WARN_OBJC_LITERAL_CONVERSION = YES;
				CLANG_WARN_OBJC_ROOT_CLASS = YES_ERROR;
				CLANG_WARN_QUOTED_INCLUDE_IN_FRAMEWORK_HEADER = YES;
				CLANG_WARN_RANGE_LOOP_ANALYSIS = YES;
				CLANG_WARN_STRICT_PROTOTYPES = YES;
				CLANG_WARN_SUSPICIOUS_MOVE = YES;
				CLANG_WARN_UNGUARDED_AVAILABILITY = YES_AGGRESSIVE;
				CLANG_WARN_UNREACHABLE_CODE = YES;
				CLANG_WARN__DUPLICATE_METHOD_MATCH = YES;
				COPY_PHASE_STRIP = NO;
				DEBUG_INFORMATION_FORMAT = dwarf;
				ENABLE_STRICT_OBJC_MSGSEND = YES;
				ENABLE_TESTABILITY = YES;
				GCC_C_LANGUAGE_STANDARD = gnu11;
				GCC_DYNAMIC_NO_PIC = NO;
				GCC_NO_COMMON_BLOCKS = YES;
				GCC_OPTIMIZATION_LEVEL = 0;
				GCC_PREPROCESSOR_DEFINITIONS = (
					"DEBUG=1",
					"$(inherited)",
				);
				GCC_WARN_64_TO_32_BIT_CONVERSION = YES;
				GCC_WARN_ABOUT_RETURN_TYPE = YES_ERROR;
				GCC_WARN_UNDECLARED_SELECTOR = YES;
				GCC_WARN_UNINITIALIZED_AUTOS = YES_AGGRESSIVE;
				GCC_WARN_UNUSED_FUNCTION = YES;
				GCC_WARN_UNUSED_VARIABLE = YES;
				IPHONEOS_DEPLOYMENT_TARGET = 16.2;
				MTL_ENABLE_DEBUG_INFO = INCLUDE_SOURCE;
				MTL_FAST_MATH = YES;
				ONLY_ACTIVE_ARCH = YES;
				SDKROOT = iphoneos;
				SWIFT_ACTIVE_COMPILATION_CONDITIONS = DEBUG;
				SWIFT_OPTIMIZATION_LEVEL = "-Onone";
			};
			name = Debug;
		};
		99D798D929580BE600CD3D3E /* Release */ = {
			isa = XCBuildConfiguration;
			buildSettings = {
				ALWAYS_SEARCH_USER_PATHS = NO;
				CLANG_ANALYZER_NONNULL = YES;
				CLANG_ANALYZER_NUMBER_OBJECT_CONVERSION = YES_AGGRESSIVE;
				CLANG_CXX_LANGUAGE_STANDARD = "gnu++20";
				CLANG_ENABLE_MODULES = YES;
				CLANG_ENABLE_OBJC_ARC = YES;
				CLANG_ENABLE_OBJC_WEAK = YES;
				CLANG_WARN_BLOCK_CAPTURE_AUTORELEASING = YES;
				CLANG_WARN_BOOL_CONVERSION = YES;
				CLANG_WARN_COMMA = YES;
				CLANG_WARN_CONSTANT_CONVERSION = YES;
				CLANG_WARN_DEPRECATED_OBJC_IMPLEMENTATIONS = YES;
				CLANG_WARN_DIRECT_OBJC_ISA_USAGE = YES_ERROR;
				CLANG_WARN_DOCUMENTATION_COMMENTS = YES;
				CLANG_WARN_EMPTY_BODY = YES;
				CLANG_WARN_ENUM_CONVERSION = YES;
				CLANG_WARN_INFINITE_RECURSION = YES;
				CLANG_WARN_INT_CONVERSION = YES;
				CLANG_WARN_NON_LITERAL_NULL_CONVERSION = YES;
				CLANG_WARN_OBJC_IMPLICIT_RETAIN_SELF = YES;
				CLANG_WARN_OBJC_LITERAL_CONVERSION = YES;
				CLANG_WARN_OBJC_ROOT_CLASS = YES_ERROR;
				CLANG_WARN_QUOTED_INCLUDE_IN_FRAMEWORK_HEADER = YES;
				CLANG_WARN_RANGE_LOOP_ANALYSIS = YES;
				CLANG_WARN_STRICT_PROTOTYPES = YES;
				CLANG_WARN_SUSPICIOUS_MOVE = YES;
				CLANG_WARN_UNGUARDED_AVAILABILITY = YES_AGGRESSIVE;
				CLANG_WARN_UNREACHABLE_CODE = YES;
				CLANG_WARN__DUPLICATE_METHOD_MATCH = YES;
				COPY_PHASE_STRIP = NO;
				DEBUG_INFORMATION_FORMAT = "dwarf-with-dsym";
				ENABLE_NS_ASSERTIONS = NO;
				ENABLE_STRICT_OBJC_MSGSEND = YES;
				GCC_C_LANGUAGE_STANDARD = gnu11;
				GCC_NO_COMMON_BLOCKS = YES;
				GCC_WARN_64_TO_32_BIT_CONVERSION = YES;
				GCC_WARN_ABOUT_RETURN_TYPE = YES_ERROR;
				GCC_WARN_UNDECLARED_SELECTOR = YES;
				GCC_WARN_UNINITIALIZED_AUTOS = YES_AGGRESSIVE;
				GCC_WARN_UNUSED_FUNCTION = YES;
				GCC_WARN_UNUSED_VARIABLE = YES;
				IPHONEOS_DEPLOYMENT_TARGET = 16.2;
				MTL_ENABLE_DEBUG_INFO = NO;
				MTL_FAST_MATH = YES;
				SDKROOT = iphoneos;
				SWIFT_COMPILATION_MODE = wholemodule;
				SWIFT_OPTIMIZATION_LEVEL = "-O";
				VALIDATE_PRODUCT = YES;
			};
			name = Release;
		};
		99D798DB29580BE600CD3D3E /* Debug */ = {
			isa = XCBuildConfiguration;
			buildSettings = {
				ASSETCATALOG_COMPILER_APPICON_NAME = AppIcon;
				ASSETCATALOG_COMPILER_GLOBAL_ACCENT_COLOR_NAME = AccentColor;
				CODE_SIGN_STYLE = Automatic;
				CURRENT_PROJECT_VERSION = 1;
				DEVELOPMENT_ASSET_PATHS = "\"TwitterSwiftUIYoutubeApp/Preview Content\"";
				ENABLE_PREVIEWS = YES;
				GENERATE_INFOPLIST_FILE = YES;
				INFOPLIST_KEY_UIApplicationSceneManifest_Generation = YES;
				INFOPLIST_KEY_UIApplicationSupportsIndirectInputEvents = YES;
				INFOPLIST_KEY_UILaunchScreen_Generation = YES;
				INFOPLIST_KEY_UISupportedInterfaceOrientations_iPad = "UIInterfaceOrientationPortrait UIInterfaceOrientationPortraitUpsideDown UIInterfaceOrientationLandscapeLeft UIInterfaceOrientationLandscapeRight";
				INFOPLIST_KEY_UISupportedInterfaceOrientations_iPhone = "UIInterfaceOrientationPortrait UIInterfaceOrientationLandscapeLeft UIInterfaceOrientationLandscapeRight";
				LD_RUNPATH_SEARCH_PATHS = (
					"$(inherited)",
					"@executable_path/Frameworks",
				);
				MARKETING_VERSION = 1.0;
				PRODUCT_BUNDLE_IDENTIFIER = com.sujeethjinesh.TwitterSwiftUIYoutubeApp;
				PRODUCT_NAME = "$(TARGET_NAME)";
				SWIFT_EMIT_LOC_STRINGS = YES;
				SWIFT_VERSION = 5.0;
				TARGETED_DEVICE_FAMILY = "1,2";
			};
			name = Debug;
		};
		99D798DC29580BE600CD3D3E /* Release */ = {
			isa = XCBuildConfiguration;
			buildSettings = {
				ASSETCATALOG_COMPILER_APPICON_NAME = AppIcon;
				ASSETCATALOG_COMPILER_GLOBAL_ACCENT_COLOR_NAME = AccentColor;
				CODE_SIGN_STYLE = Automatic;
				CURRENT_PROJECT_VERSION = 1;
				DEVELOPMENT_ASSET_PATHS = "\"TwitterSwiftUIYoutubeApp/Preview Content\"";
				ENABLE_PREVIEWS = YES;
				GENERATE_INFOPLIST_FILE = YES;
				INFOPLIST_KEY_UIApplicationSceneManifest_Generation = YES;
				INFOPLIST_KEY_UIApplicationSupportsIndirectInputEvents = YES;
				INFOPLIST_KEY_UILaunchScreen_Generation = YES;
				INFOPLIST_KEY_UISupportedInterfaceOrientations_iPad = "UIInterfaceOrientationPortrait UIInterfaceOrientationPortraitUpsideDown UIInterfaceOrientationLandscapeLeft UIInterfaceOrientationLandscapeRight";
				INFOPLIST_KEY_UISupportedInterfaceOrientations_iPhone = "UIInterfaceOrientationPortrait UIInterfaceOrientationLandscapeLeft UIInterfaceOrientationLandscapeRight";
				LD_RUNPATH_SEARCH_PATHS = (
					"$(inherited)",
					"@executable_path/Frameworks",
				);
				MARKETING_VERSION = 1.0;
				PRODUCT_BUNDLE_IDENTIFIER = com.sujeethjinesh.TwitterSwiftUIYoutubeApp;
				PRODUCT_NAME = "$(TARGET_NAME)";
				SWIFT_EMIT_LOC_STRINGS = YES;
				SWIFT_VERSION = 5.0;
				TARGETED_DEVICE_FAMILY = "1,2";
			};
			name = Release;
		};
/* End XCBuildConfiguration section */

/* Begin XCConfigurationList section */
		99D798C729580BE500CD3D3E /* Build configuration list for PBXProject "TwitterSwiftUIYoutubeApp" */ = {
			isa = XCConfigurationList;
			buildConfigurations = (
				99D798D829580BE600CD3D3E /* Debug */,
				99D798D929580BE600CD3D3E /* Release */,
			);
			defaultConfigurationIsVisible = 0;
			defaultConfigurationName = Release;
		};
		99D798DA29580BE600CD3D3E /* Build configuration list for PBXNativeTarget "TwitterSwiftUIYoutubeApp" */ = {
			isa = XCConfigurationList;
			buildConfigurations = (
				99D798DB29580BE600CD3D3E /* Debug */,
				99D798DC29580BE600CD3D3E /* Release */,
			);
			defaultConfigurationIsVisible = 0;
			defaultConfigurationName = Release;
		};
/* End XCConfigurationList section */
	};
	rootObject = 99D798C429580BE500CD3D3E /* Project object */;
}
